<?xml version="1.0" encoding="utf-8"?>
<Project ToolsVersion="4.0" xmlns="http://schemas.microsoft.com/developer/msbuild/2003">
  <ItemGroup>
    <Filter Include="Fichiers sources">
      <UniqueIdentifier>{4FC737F1-C7A5-4376-A066-2A32D752A2FF}</UniqueIdentifier>
      <Extensions>cpp;c;cc;cxx;def;odl;idl;hpj;bat;asm;asmx</Extensions>
    </Filter>
    <Filter Include="Fichiers d%27en-tête">
      <UniqueIdentifier>{93995380-89BD-4b04-88EB-625FBE52EBFB}</UniqueIdentifier>
      <Extensions>h;hh;hpp;hxx;hm;inl;inc;xsd</Extensions>
    </Filter>
    <Filter Include="Fichiers de ressources">
      <UniqueIdentifier>{67DA6AB6-F800-4c08-8B7A-83BB121AAD01}</UniqueIdentifier>
      <Extensions>rc;ico;cur;bmp;dlg;rc2;rct;bin;rgs;gif;jpg;jpeg;jpe;resx;tiff;tif;png;wav;mfcribbon-ms</Extensions>
    </Filter>
    <Filter Include="Fichiers sources\Core">
      <UniqueIdentifier>{62daaaa0-26a2-448b-a183-794e72463d5f}</UniqueIdentifier>
    </Filter>
    <Filter Include="Fichiers sources\Shaders">
      <UniqueIdentifier>{afb0ce71-32dc-44a0-ae26-b2ae4a9e9ca6}</UniqueIdentifier>
    </Filter>
    <Filter Include="Fichiers sources\Managers">
      <UniqueIdentifier>{1cc7181f-5ca9-4c77-94f1-c88592331b13}</UniqueIdentifier>
    </Filter>
    <Filter Include="Fichiers sources\Core\Init">
      <UniqueIdentifier>{66ee4e84-1ea5-47a8-8074-b2346480c13d}</UniqueIdentifier>
    </Filter>
    <Filter Include="Fichiers sources\Rendering">
      <UniqueIdentifier>{3c963c62-9a38-4c66-a5d0-c2ad4713c8b5}</UniqueIdentifier>
    </Filter>
    <Filter Include="Fichiers sources\Rendering\Models">
      <UniqueIdentifier>{0bd56b0a-3164-4aee-b36c-ce487c3c430e}</UniqueIdentifier>
    </Filter>
    <Filter Include="Fichiers sources\Rendering\Light">
      <UniqueIdentifier>{a3ee4611-4368-4dac-8100-1f1a6fd129f3}</UniqueIdentifier>
    </Filter>
    <Filter Include="Fichiers sources\WorldGenerator">
      <UniqueIdentifier>{a0eee518-e479-4402-b502-6651d44007af}</UniqueIdentifier>
    </Filter>
    <Filter Include="Fichiers sources\Debug">
      <UniqueIdentifier>{cc1bb13a-34a4-4644-b8e1-4e6864fa05ce}</UniqueIdentifier>
    </Filter>
  </ItemGroup>
  <ItemGroup>
    <ClCompile Include="main.cpp">
      <Filter>Fichiers sources</Filter>
    </ClCompile>
    <ClCompile Include="Managers\ShaderManager.cpp">
      <Filter>Fichiers sources\Managers</Filter>
    </ClCompile>
    <ClCompile Include="Core\Init\InitGlut.cpp">
      <Filter>Fichiers sources\Core\Init</Filter>
    </ClCompile>
    <ClCompile Include="Managers\SceneManager.cpp">
      <Filter>Fichiers sources\Managers</Filter>
    </ClCompile>
    <ClCompile Include="Managers\ModelManager.cpp">
      <Filter>Fichiers sources\Managers</Filter>
    </ClCompile>
    <ClCompile Include="Rendering\Models\Model.cpp">
      <Filter>Fichiers sources\Rendering\Models</Filter>
    </ClCompile>
    <ClCompile Include="Rendering\Camera.cpp">
      <Filter>Fichiers sources\Rendering</Filter>
    </ClCompile>
    <ClCompile Include="Managers\InputManager.cpp">
      <Filter>Fichiers sources\Managers</Filter>
    </ClCompile>
    <ClCompile Include="Rendering\Models\Mesh.cpp">
      <Filter>Fichiers sources\Rendering\Models</Filter>
    </ClCompile>
    <ClCompile Include="Rendering\Cubemap.cpp">
      <Filter>Fichiers sources\Rendering</Filter>
    </ClCompile>
    <ClCompile Include="WorldGenerator\TerrainManager.cpp">
      <Filter>Fichiers sources\WorldGenerator</Filter>
    </ClCompile>
    <ClCompile Include="Core\PerlinNoise.cpp">
      <Filter>Fichiers sources\Core</Filter>
    </ClCompile>
    <ClCompile Include="Core\UID.cpp">
      <Filter>Fichiers sources\Core</Filter>
    </ClCompile>
    <ClCompile Include="Rendering\Grass.cpp">
      <Filter>Fichiers sources\Rendering</Filter>
    </ClCompile>
    <ClCompile Include="Core\Time.cpp">
      <Filter>Fichiers sources\Core</Filter>
    </ClCompile>
    <ClCompile Include="WorldGenerator\TerrainGenerationFunctions.cpp">
      <Filter>Fichiers sources\WorldGenerator</Filter>
    </ClCompile>
    <ClCompile Include="Debug\ppm.cpp">
      <Filter>Fichiers sources\Debug</Filter>
    </ClCompile>
    <ClCompile Include="Debug\WorldGridGeneratorDebugDraw.cpp">
      <Filter>Fichiers sources\Debug</Filter>
    </ClCompile>
    <ClCompile Include="WorldGenerator\WorldGrid.cpp">
      <Filter>Fichiers sources\WorldGenerator</Filter>
    </ClCompile>
    <ClCompile Include="WorldGenerator\TerrainTile.cpp">
      <Filter>Fichiers sources\WorldGenerator</Filter>
    </ClCompile>
    <ClCompile Include="WorldGenerator\TerrainTileBuilder.cpp">
      <Filter>Fichiers sources\WorldGenerator</Filter>
    </ClCompile>
    <ClCompile Include="Rendering\Models\TerrainTileModel.cpp">
      <Filter>Fichiers sources\Rendering\Models</Filter>
    </ClCompile>
  </ItemGroup>
  <ItemGroup>
    <ClInclude Include="Managers\ShaderManager.h">
      <Filter>Fichiers sources\Managers</Filter>
    </ClInclude>
    <ClInclude Include="Core\Init\WindowInfo.h">
      <Filter>Fichiers sources\Core\Init</Filter>
    </ClInclude>
    <ClInclude Include="Core\Init\ContextInfo.h">
      <Filter>Fichiers sources\Core\Init</Filter>
    </ClInclude>
    <ClInclude Include="Core\Init\FramebufferInfo.h">
      <Filter>Fichiers sources\Core\Init</Filter>
    </ClInclude>
    <ClInclude Include="Core\Init\InitGlew.h">
      <Filter>Fichiers sources\Core\Init</Filter>
    </ClInclude>
    <ClInclude Include="Core\Init\InitGlut.h">
      <Filter>Fichiers sources\Core\Init</Filter>
    </ClInclude>
    <ClInclude Include="Core\Init\IListener.h">
      <Filter>Fichiers sources\Core\Init</Filter>
    </ClInclude>
    <ClInclude Include="Managers\SceneManager.h">
      <Filter>Fichiers sources\Managers</Filter>
    </ClInclude>
    <ClInclude Include="Rendering\VertexFormat.h">
      <Filter>Fichiers sources\Rendering</Filter>
    </ClInclude>
    <ClInclude Include="Rendering\IGameObject.h">
      <Filter>Fichiers sources\Rendering</Filter>
    </ClInclude>
    <ClInclude Include="Managers\ModelManager.h">
      <Filter>Fichiers sources\Managers</Filter>
    </ClInclude>
    <ClInclude Include="Rendering\Models\Model.h">
      <Filter>Fichiers sources\Rendering\Models</Filter>
    </ClInclude>
    <ClInclude Include="Rendering\Camera.h">
      <Filter>Fichiers sources\Rendering</Filter>
    </ClInclude>
    <ClInclude Include="Rendering\Light\DirectionalLight.h">
      <Filter>Fichiers sources\Rendering\Light</Filter>
    </ClInclude>
    <ClInclude Include="Rendering\Light\Light.h">
      <Filter>Fichiers sources\Rendering\Light</Filter>
    </ClInclude>
    <ClInclude Include="Rendering\Light\PointLight.h">
      <Filter>Fichiers sources\Rendering\Light</Filter>
    </ClInclude>
    <ClInclude Include="Managers\InputManager.h">
      <Filter>Fichiers sources\Managers</Filter>
    </ClInclude>
    <ClInclude Include="Core\Singleton.h">
      <Filter>Fichiers sources\Core</Filter>
    </ClInclude>
    <ClInclude Include="Rendering\TextureFormat.h">
      <Filter>Fichiers sources\Rendering</Filter>
    </ClInclude>
    <ClInclude Include="Rendering\Models\Mesh.h">
      <Filter>Fichiers sources\Rendering\Models</Filter>
    </ClInclude>
    <ClInclude Include="Core\Math.h">
      <Filter>Fichiers sources\Core</Filter>
    </ClInclude>
    <ClInclude Include="Rendering\Cubemap.h">
      <Filter>Fichiers sources\Rendering</Filter>
    </ClInclude>
    <ClInclude Include="WorldGenerator\TerrainManager.h">
      <Filter>Fichiers sources\WorldGenerator</Filter>
    </ClInclude>
    <ClInclude Include="Core\PerlinNoise.h">
      <Filter>Fichiers sources\Core</Filter>
    </ClInclude>
    <ClInclude Include="Core\Vector.h">
      <Filter>Fichiers sources\Core</Filter>
    </ClInclude>
    <ClInclude Include="Core\Intersection.h">
      <Filter>Fichiers sources\Core</Filter>
    </ClInclude>
    <ClInclude Include="Core\UID.h">
      <Filter>Fichiers sources\Core</Filter>
    </ClInclude>
    <ClInclude Include="Rendering\Grass.h">
      <Filter>Fichiers sources\Rendering</Filter>
    </ClInclude>
    <ClInclude Include="Core\Time.h">
      <Filter>Fichiers sources\Core</Filter>
    </ClInclude>
    <ClInclude Include="Shaders\Environment.h">
      <Filter>Fichiers sources\Shaders</Filter>
    </ClInclude>
    <ClInclude Include="Core\Slot.h">
      <Filter>Fichiers sources\Core</Filter>
    </ClInclude>
    <ClInclude Include="WorldGenerator\TerrainGenerationFunctions.h">
      <Filter>Fichiers sources\WorldGenerator</Filter>
    </ClInclude>
    <ClInclude Include="WorldGenerator\Geometry.h">
      <Filter>Fichiers sources\WorldGenerator</Filter>
    </ClInclude>
    <ClInclude Include="Debug\ppm.h">
      <Filter>Fichiers sources\Debug</Filter>
    </ClInclude>
    <ClInclude Include="Debug\WorldGridGeneratorDebugDraw.h">
      <Filter>Fichiers sources\Debug</Filter>
    </ClInclude>
    <ClInclude Include="WorldGenerator\WorldGrid.h">
      <Filter>Fichiers sources\WorldGenerator</Filter>
    </ClInclude>
    <ClInclude Include="WorldGenerator\TerrainTile.h">
      <Filter>Fichiers sources\WorldGenerator</Filter>
    </ClInclude>
    <ClInclude Include="WorldGenerator\TerrainTileBuilder.h">
      <Filter>Fichiers sources\WorldGenerator</Filter>
    </ClInclude>
    <ClInclude Include="Rendering\Models\TerrainTileModel.h">
      <Filter>Fichiers sources\Rendering\Models</Filter>
    </ClInclude>
  </ItemGroup>
  <ItemGroup>
    <None Include="Shaders\Vertex_Shader.glsl">
      <Filter>Fichiers sources\Shaders</Filter>
    </None>
    <None Include="packages.config" />
    <None Include="Shaders\StandardBlinn_Shader.glsl">
      <Filter>Fichiers sources\Shaders</Filter>
    </None>
    <None Include="Shaders\StandardBlinnTransparent_Shader.glsl">
      <Filter>Fichiers sources\Shaders</Filter>
    </None>
    <None Include="Shaders\FBO_Pixel_Shader.glsl">
      <Filter>Fichiers sources\Shaders</Filter>
    </None>
    <None Include="Shaders\FBO_Vertex_Shader.glsl">
      <Filter>Fichiers sources\Shaders</Filter>
    </None>
    <None Include="Shaders\Cubemap_Pixel_Shader.glsl">
      <Filter>Fichiers sources\Shaders</Filter>
    </None>
    <None Include="Shaders\Cubemap_Vertex_Shader.glsl">
      <Filter>Fichiers sources\Shaders</Filter>
    </None>
    <None Include="Shaders\StandardBlinnReflection_Shader.glsl">
      <Filter>Fichiers sources\Shaders</Filter>
    </None>
    <None Include="Shaders\Terrain_Pixel_Shader.glsl">
      <Filter>Fichiers sources\Shaders</Filter>
    </None>
    <None Include="Shaders\Terrain_Vertex_Shader.glsl">
      <Filter>Fichiers sources\Shaders</Filter>
    </None>
    <None Include="Shaders\Simple_Depth_Shader.glsl">
      <Filter>Fichiers sources\Shaders</Filter>
    </None>
    <None Include="Shaders\Empty_Fragment_Shader.glsl">
      <Filter>Fichiers sources\Shaders</Filter>
    </None>
    <None Include="Shaders\Skybox_Pixel_Shader.glsl">
      <Filter>Fichiers sources\Shaders</Filter>
    </None>
    <None Include="Shaders\Grass_Vertex_Shader.glsl">
      <Filter>Fichiers sources\Shaders</Filter>
    </None>
    <None Include="Shaders\Grass_Fragment_Shader.glsl">
      <Filter>Fichiers sources\Shaders</Filter>
    </None>
    <None Include="Shaders\Terrain_Vertex_Shader_ShadowMap.glsl">
      <Filter>Fichiers sources\Shaders</Filter>
    </None>
  </ItemGroup>
</Project>